
Microsoft Visual Studio Solution File, Format Version 12.00
# Visual Studio Version 16
VisualStudioVersion = 16.0.30907.101
MinimumVisualStudioVersion = 10.0.40219.1
Project("{FAE04EC0-301F-11D3-BF4B-00C04F79EFBC}") = "OptifineProxy", "OptifineProxy\OptifineProxy.csproj", "{107E6D07-23A4-4774-9CC7-720236FA1F63}"
EndProject
Global
	GlobalSection(SolutionConfigurationPlatforms) = preSolution
		Debug|Any CPU = Debug|Any CPU
		Release|Any CPU = Release|Any CPU
	EndGlobalSection
	GlobalSection(ProjectConfigurationPlatforms) = postSolution
		{107E6D07-23A4-4774-9CC7-720236FA1F63}.Debug|Any CPU.ActiveCfg = Debug|Any CPU
		{107E6D07-23A4-4774-9CC7-720236FA1F63}.Debug|Any CPU.Build.0 = Debug|Any CPU
		{107E6D07-23A4-4774-9CC7-720236FA1F63}.Release|Any CPU.ActiveCfg = Release|Any CPU
		{107E6D07-23A4-4774-9CC7-720236FA1F63}.Release|Any CPU.Build.0 = Release|Any CPU
	EndGlobalSection
	GlobalSection(SolutionProperties) = preSolution
		HideSolutionNode = FALSE
	EndGlobalSection
	GlobalSection(ExtensibilityGlobals) = postSolution
		SolutionGuid = {8E0AC1D0-6DA5-4EDB-BE5C-33EC29E20B68}
	EndGlobalSection
EndGlobal
